
Microsoft Visual Studio Solution File, Format Version 12.00
# Visual Studio Version 16
VisualStudioVersion = 16.0.29728.190
MinimumVisualStudioVersion = 10.0.40219.1
Project("{FAE04EC0-301F-11D3-BF4B-00C04F79EFBC}") = "ObserverPattern", "ObserverPattern\ObserverPattern.csproj", "{4BA31B0D-B1D8-43C6-9FFA-D38D9B076E9D}"
EndProject
Project("{FAE04EC0-301F-11D3-BF4B-00C04F79EFBC}") = "ObserverPatternTest", "ObserverPatternTest\ObserverPatternTest.csproj", "{12EF1595-88F5-4C3C-B7A0-38912573294F}"
EndProject
Project("{FAE04EC0-301F-11D3-BF4B-00C04F79EFBC}") = "ObserverPatternLibrary", "ObserverPatternLibrary\ObserverPatternLibrary.csproj", "{C20B43C1-92BC-43E8-A26A-A4B979B69DDA}"
EndProject
Global
	GlobalSection(SolutionConfigurationPlatforms) = preSolution
		Debug|Any CPU = Debug|Any CPU
		Release|Any CPU = Release|Any CPU
	EndGlobalSection
	GlobalSection(ProjectConfigurationPlatforms) = postSolution
		{4BA31B0D-B1D8-43C6-9FFA-D38D9B076E9D}.Debug|Any CPU.ActiveCfg = Debug|Any CPU
		{4BA31B0D-B1D8-43C6-9FFA-D38D9B076E9D}.Debug|Any CPU.Build.0 = Debug|Any CPU
		{4BA31B0D-B1D8-43C6-9FFA-D38D9B076E9D}.Release|Any CPU.ActiveCfg = Release|Any CPU
		{4BA31B0D-B1D8-43C6-9FFA-D38D9B076E9D}.Release|Any CPU.Build.0 = Release|Any CPU
		{12EF1595-88F5-4C3C-B7A0-38912573294F}.Debug|Any CPU.ActiveCfg = Debug|Any CPU
		{12EF1595-88F5-4C3C-B7A0-38912573294F}.Debug|Any CPU.Build.0 = Debug|Any CPU
		{12EF1595-88F5-4C3C-B7A0-38912573294F}.Release|Any CPU.ActiveCfg = Release|Any CPU
		{12EF1595-88F5-4C3C-B7A0-38912573294F}.Release|Any CPU.Build.0 = Release|Any CPU
		{C20B43C1-92BC-43E8-A26A-A4B979B69DDA}.Debug|Any CPU.ActiveCfg = Debug|Any CPU
		{C20B43C1-92BC-43E8-A26A-A4B979B69DDA}.Debug|Any CPU.Build.0 = Debug|Any CPU
		{C20B43C1-92BC-43E8-A26A-A4B979B69DDA}.Release|Any CPU.ActiveCfg = Release|Any CPU
		{C20B43C1-92BC-43E8-A26A-A4B979B69DDA}.Release|Any CPU.Build.0 = Release|Any CPU
	EndGlobalSection
	GlobalSection(SolutionProperties) = preSolution
		HideSolutionNode = FALSE
	EndGlobalSection
	GlobalSection(ExtensibilityGlobals) = postSolution
		SolutionGuid = {73E70AEE-04DC-4119-8124-3AAD5DEB3974}
	EndGlobalSection
EndGlobal
